
Microsoft Visual Studio Solution File, Format Version 12.00
# Visual Studio Version 16
VisualStudioVersion = 16.0.29215.179
MinimumVisualStudioVersion = 10.0.40219.1
Project("{2150E333-8FDC-42A3-9474-1A3956D46DE8}") = "Prey.Model", "Prey.Model", "{D004C8B5-8E58-4D31-9DDB-9AEF85C66B14}"
EndProject
Project("{2150E333-8FDC-42A3-9474-1A3956D46DE8}") = "Prey.Repository", "Prey.Repository", "{F36CC149-BE5C-4BEC-8334-200B91B19B18}"
EndProject
Project("{2150E333-8FDC-42A3-9474-1A3956D46DE8}") = "Prey.Service", "Prey.Service", "{76372368-1429-4A10-902C-8F3D38967DEE}"
EndProject
Project("{2150E333-8FDC-42A3-9474-1A3956D46DE8}") = "Prey.Infrastructure", "Prey.Infrastructure", "{8FC8C256-E36F-44BD-9784-4548894A9A06}"
EndProject
Project("{2150E333-8FDC-42A3-9474-1A3956D46DE8}") = "Prey.Client", "Prey.Client", "{1694DF37-7892-47D3-85E2-78934C70253F}"
EndProject
Project("{2150E333-8FDC-42A3-9474-1A3956D46DE8}") = "Prey.Web", "Prey.Web", "{0BB4AC99-7605-4344-A1C1-C4FF67E210C5}"
EndProject
Project("{9A19103F-16F7-4668-BE54-9A1E7A4F7556}") = "Prey.Models", "Prey.Models\Prey.Models.csproj", "{551B667F-FCC0-4EB7-9DAB-7E5769E5EF28}"
	ProjectSection(ProjectDependencies) = postProject
		{356F3BFD-1083-419A-8423-E7762162C8DD} = {356F3BFD-1083-419A-8423-E7762162C8DD}
	EndProjectSection
EndProject
Project("{9A19103F-16F7-4668-BE54-9A1E7A4F7556}") = "Prey.Common", "Prey.Common\Prey.Common.csproj", "{356F3BFD-1083-419A-8423-E7762162C8DD}"
EndProject
Project("{9A19103F-16F7-4668-BE54-9A1E7A4F7556}") = "Prey.Utils", "Prey.Utils\Prey.Utils.csproj", "{FE321DF5-3F15-4960-BB71-8A371BDCB821}"
	ProjectSection(ProjectDependencies) = postProject
		{356F3BFD-1083-419A-8423-E7762162C8DD} = {356F3BFD-1083-419A-8423-E7762162C8DD}
	EndProjectSection
EndProject
Project("{9A19103F-16F7-4668-BE54-9A1E7A4F7556}") = "Prey.DataAccess", "Prey.DataAccess\Prey.DataAccess.csproj", "{ECA6414D-A6DD-4BC4-B049-0407D7E4B557}"
	ProjectSection(ProjectDependencies) = postProject
		{551B667F-FCC0-4EB7-9DAB-7E5769E5EF28} = {551B667F-FCC0-4EB7-9DAB-7E5769E5EF28}
		{FE321DF5-3F15-4960-BB71-8A371BDCB821} = {FE321DF5-3F15-4960-BB71-8A371BDCB821}
		{356F3BFD-1083-419A-8423-E7762162C8DD} = {356F3BFD-1083-419A-8423-E7762162C8DD}
	EndProjectSection
EndProject
Project("{9A19103F-16F7-4668-BE54-9A1E7A4F7556}") = "Prey.Services", "Prey.Services\Prey.Services.csproj", "{D42CF337-6B2B-41C4-98FA-A9DD2869DB29}"
	ProjectSection(ProjectDependencies) = postProject
		{ECA6414D-A6DD-4BC4-B049-0407D7E4B557} = {ECA6414D-A6DD-4BC4-B049-0407D7E4B557}
		{551B667F-FCC0-4EB7-9DAB-7E5769E5EF28} = {551B667F-FCC0-4EB7-9DAB-7E5769E5EF28}
		{FE321DF5-3F15-4960-BB71-8A371BDCB821} = {FE321DF5-3F15-4960-BB71-8A371BDCB821}
		{356F3BFD-1083-419A-8423-E7762162C8DD} = {356F3BFD-1083-419A-8423-E7762162C8DD}
	EndProjectSection
EndProject
Project("{9A19103F-16F7-4668-BE54-9A1E7A4F7556}") = "Prey.WebAPI", "Prey.WebAPI\Prey.WebAPI.csproj", "{1046BD1E-FF9D-40D3-AB42-8F2E577B8D5C}"
	ProjectSection(ProjectDependencies) = postProject
		{D42CF337-6B2B-41C4-98FA-A9DD2869DB29} = {D42CF337-6B2B-41C4-98FA-A9DD2869DB29}
		{551B667F-FCC0-4EB7-9DAB-7E5769E5EF28} = {551B667F-FCC0-4EB7-9DAB-7E5769E5EF28}
		{FE321DF5-3F15-4960-BB71-8A371BDCB821} = {FE321DF5-3F15-4960-BB71-8A371BDCB821}
		{356F3BFD-1083-419A-8423-E7762162C8DD} = {356F3BFD-1083-419A-8423-E7762162C8DD}
	EndProjectSection
EndProject
Project("{FAE04EC0-301F-11D3-BF4B-00C04F79EFBC}") = "Prey.WinPrey", "Prey.WinPrey\Prey.WinPrey.csproj", "{A9756C43-6ECD-4819-B206-AB3AA2544722}"
	ProjectSection(ProjectDependencies) = postProject
		{551B667F-FCC0-4EB7-9DAB-7E5769E5EF28} = {551B667F-FCC0-4EB7-9DAB-7E5769E5EF28}
		{FE321DF5-3F15-4960-BB71-8A371BDCB821} = {FE321DF5-3F15-4960-BB71-8A371BDCB821}
		{356F3BFD-1083-419A-8423-E7762162C8DD} = {356F3BFD-1083-419A-8423-E7762162C8DD}
	EndProjectSection
EndProject
Project("{9A19103F-16F7-4668-BE54-9A1E7A4F7556}") = "Prey.WebSPA", "Prey.WebSPA\Prey.WebSPA.csproj", "{AC1DF1E0-C7E7-4210-BDE7-21246550B222}"
EndProject
Global
	GlobalSection(SolutionConfigurationPlatforms) = preSolution
		Debug|Any CPU = Debug|Any CPU
		Release|Any CPU = Release|Any CPU
	EndGlobalSection
	GlobalSection(ProjectConfigurationPlatforms) = postSolution
		{551B667F-FCC0-4EB7-9DAB-7E5769E5EF28}.Debug|Any CPU.ActiveCfg = Debug|Any CPU
		{551B667F-FCC0-4EB7-9DAB-7E5769E5EF28}.Debug|Any CPU.Build.0 = Debug|Any CPU
		{551B667F-FCC0-4EB7-9DAB-7E5769E5EF28}.Release|Any CPU.ActiveCfg = Release|Any CPU
		{551B667F-FCC0-4EB7-9DAB-7E5769E5EF28}.Release|Any CPU.Build.0 = Release|Any CPU
		{356F3BFD-1083-419A-8423-E7762162C8DD}.Debug|Any CPU.ActiveCfg = Debug|Any CPU
		{356F3BFD-1083-419A-8423-E7762162C8DD}.Debug|Any CPU.Build.0 = Debug|Any CPU
		{356F3BFD-1083-419A-8423-E7762162C8DD}.Release|Any CPU.ActiveCfg = Release|Any CPU
		{356F3BFD-1083-419A-8423-E7762162C8DD}.Release|Any CPU.Build.0 = Release|Any CPU
		{FE321DF5-3F15-4960-BB71-8A371BDCB821}.Debug|Any CPU.ActiveCfg = Debug|Any CPU
		{FE321DF5-3F15-4960-BB71-8A371BDCB821}.Debug|Any CPU.Build.0 = Debug|Any CPU
		{FE321DF5-3F15-4960-BB71-8A371BDCB821}.Release|Any CPU.ActiveCfg = Release|Any CPU
		{FE321DF5-3F15-4960-BB71-8A371BDCB821}.Release|Any CPU.Build.0 = Release|Any CPU
		{ECA6414D-A6DD-4BC4-B049-0407D7E4B557}.Debug|Any CPU.ActiveCfg = Debug|Any CPU
		{ECA6414D-A6DD-4BC4-B049-0407D7E4B557}.Debug|Any CPU.Build.0 = Debug|Any CPU
		{ECA6414D-A6DD-4BC4-B049-0407D7E4B557}.Release|Any CPU.ActiveCfg = Release|Any CPU
		{ECA6414D-A6DD-4BC4-B049-0407D7E4B557}.Release|Any CPU.Build.0 = Release|Any CPU
		{D42CF337-6B2B-41C4-98FA-A9DD2869DB29}.Debug|Any CPU.ActiveCfg = Debug|Any CPU
		{D42CF337-6B2B-41C4-98FA-A9DD2869DB29}.Debug|Any CPU.Build.0 = Debug|Any CPU
		{D42CF337-6B2B-41C4-98FA-A9DD2869DB29}.Release|Any CPU.ActiveCfg = Release|Any CPU
		{D42CF337-6B2B-41C4-98FA-A9DD2869DB29}.Release|Any CPU.Build.0 = Release|Any CPU
		{1046BD1E-FF9D-40D3-AB42-8F2E577B8D5C}.Debug|Any CPU.ActiveCfg = Debug|Any CPU
		{1046BD1E-FF9D-40D3-AB42-8F2E577B8D5C}.Debug|Any CPU.Build.0 = Debug|Any CPU
		{1046BD1E-FF9D-40D3-AB42-8F2E577B8D5C}.Release|Any CPU.ActiveCfg = Release|Any CPU
		{1046BD1E-FF9D-40D3-AB42-8F2E577B8D5C}.Release|Any CPU.Build.0 = Release|Any CPU
		{A9756C43-6ECD-4819-B206-AB3AA2544722}.Debug|Any CPU.ActiveCfg = Debug|Any CPU
		{A9756C43-6ECD-4819-B206-AB3AA2544722}.Debug|Any CPU.Build.0 = Debug|Any CPU
		{A9756C43-6ECD-4819-B206-AB3AA2544722}.Release|Any CPU.ActiveCfg = Release|Any CPU
		{A9756C43-6ECD-4819-B206-AB3AA2544722}.Release|Any CPU.Build.0 = Release|Any CPU
		{AC1DF1E0-C7E7-4210-BDE7-21246550B222}.Debug|Any CPU.ActiveCfg = Debug|Any CPU
		{AC1DF1E0-C7E7-4210-BDE7-21246550B222}.Debug|Any CPU.Build.0 = Debug|Any CPU
		{AC1DF1E0-C7E7-4210-BDE7-21246550B222}.Release|Any CPU.ActiveCfg = Release|Any CPU
		{AC1DF1E0-C7E7-4210-BDE7-21246550B222}.Release|Any CPU.Build.0 = Release|Any CPU
	EndGlobalSection
	GlobalSection(SolutionProperties) = preSolution
		HideSolutionNode = FALSE
	EndGlobalSection
	GlobalSection(NestedProjects) = preSolution
		{551B667F-FCC0-4EB7-9DAB-7E5769E5EF28} = {D004C8B5-8E58-4D31-9DDB-9AEF85C66B14}
		{356F3BFD-1083-419A-8423-E7762162C8DD} = {8FC8C256-E36F-44BD-9784-4548894A9A06}
		{FE321DF5-3F15-4960-BB71-8A371BDCB821} = {8FC8C256-E36F-44BD-9784-4548894A9A06}
		{ECA6414D-A6DD-4BC4-B049-0407D7E4B557} = {F36CC149-BE5C-4BEC-8334-200B91B19B18}
		{D42CF337-6B2B-41C4-98FA-A9DD2869DB29} = {76372368-1429-4A10-902C-8F3D38967DEE}
		{1046BD1E-FF9D-40D3-AB42-8F2E577B8D5C} = {0BB4AC99-7605-4344-A1C1-C4FF67E210C5}
		{A9756C43-6ECD-4819-B206-AB3AA2544722} = {1694DF37-7892-47D3-85E2-78934C70253F}
		{AC1DF1E0-C7E7-4210-BDE7-21246550B222} = {0BB4AC99-7605-4344-A1C1-C4FF67E210C5}
	EndGlobalSection
	GlobalSection(ExtensibilityGlobals) = postSolution
		SolutionGuid = {AF3784CA-5AA5-4B7D-B18B-3ADD0D01ABB3}
	EndGlobalSection
EndGlobal
